
Microsoft Visual Studio Solution File, Format Version 12.00
# Visual Studio for Mac
Project("{FAE04EC0-301F-11D3-BF4B-00C04F79EFBC}") = "Assembly-CSharp", "Assembly-CSharp.csproj", "{6995C29F-6905-2021-A4E4-65B7C8CC3B62}"
EndProject
Project("{FAE04EC0-301F-11D3-BF4B-00C04F79EFBC}") = "Assembly-CSharp-firstpass", "Assembly-CSharp-firstpass.csproj", "{5BEA0D4A-A1D7-1B11-C313-A626F74FACC9}"
EndProject
Project("{FAE04EC0-301F-11D3-BF4B-00C04F79EFBC}") = "Assembly-CSharp-Editor", "Assembly-CSharp-Editor.csproj", "{E72BF468-DB54-A58B-D679-9B2FF7E90EBA}"
EndProject
Global
	GlobalSection(SolutionConfigurationPlatforms) = preSolution
		Debug|Any CPU = Debug|Any CPU
		Release|Any CPU = Release|Any CPU
	EndGlobalSection
	GlobalSection(ProjectConfigurationPlatforms) = postSolution
		{6995C29F-6905-2021-A4E4-65B7C8CC3B62}.Debug|Any CPU.ActiveCfg = Debug|Any CPU
		{6995C29F-6905-2021-A4E4-65B7C8CC3B62}.Debug|Any CPU.Build.0 = Debug|Any CPU
		{6995C29F-6905-2021-A4E4-65B7C8CC3B62}.Release|Any CPU.ActiveCfg = Release|Any CPU
		{6995C29F-6905-2021-A4E4-65B7C8CC3B62}.Release|Any CPU.Build.0 = Release|Any CPU
		{5BEA0D4A-A1D7-1B11-C313-A626F74FACC9}.Debug|Any CPU.ActiveCfg = Debug|Any CPU
		{5BEA0D4A-A1D7-1B11-C313-A626F74FACC9}.Debug|Any CPU.Build.0 = Debug|Any CPU
		{5BEA0D4A-A1D7-1B11-C313-A626F74FACC9}.Release|Any CPU.ActiveCfg = Release|Any CPU
		{5BEA0D4A-A1D7-1B11-C313-A626F74FACC9}.Release|Any CPU.Build.0 = Release|Any CPU
		{E72BF468-DB54-A58B-D679-9B2FF7E90EBA}.Debug|Any CPU.ActiveCfg = Debug|Any CPU
		{E72BF468-DB54-A58B-D679-9B2FF7E90EBA}.Debug|Any CPU.Build.0 = Debug|Any CPU
		{E72BF468-DB54-A58B-D679-9B2FF7E90EBA}.Release|Any CPU.ActiveCfg = Release|Any CPU
		{E72BF468-DB54-A58B-D679-9B2FF7E90EBA}.Release|Any CPU.Build.0 = Release|Any CPU
	EndGlobalSection
	GlobalSection(SolutionProperties) = preSolution
		HideSolutionNode = FALSE
	EndGlobalSection
EndGlobal
